
Microsoft Visual Studio Solution File, Format Version 12.00
# Visual Studio 2013
VisualStudioVersion = 12.0.21005.1
MinimumVisualStudioVersion = 10.0.40219.1
Project("{8BC9CEB8-8B4A-11D0-8D11-00A0C91BC942}") = "proxy", "proxy\proxy.vcxproj", "{986CDDFB-A865-48C8-A3E8-36020A6ACB58}"
	ProjectSection(ProjectDependencies) = postProject
		{86912A02-28DB-4CD8-838D-1087DA5C38DC} = {86912A02-28DB-4CD8-838D-1087DA5C38DC}
	EndProjectSection
EndProject
Project("{8BC9CEB8-8B4A-11D0-8D11-00A0C91BC942}") = "upnp", "upnp\upnp.vcxproj", "{86912A02-28DB-4CD8-838D-1087DA5C38DC}"
EndProject
Project("{8BC9CEB8-8B4A-11D0-8D11-00A0C91BC942}") = "upnptest", "upnptest\upnptest.vcxproj", "{BC0833CB-C723-4DA7-BB0E-27478404FB1F}"
EndProject
Project("{6141683F-8A12-4E36-9623-2EB02B2C2303}") = "Setup", "Setup\Setup.isproj", "{08968379-D236-4E09-BF25-DE15BB2997A2}"
EndProject
Project("{8BC9CEB8-8B4A-11D0-8D11-00A0C91BC942}") = "Report_server", "Report_server\Report_server.vcxproj", "{9ED138EE-0475-460E-A6C1-F06EF9AEB092}"
EndProject
Global
	GlobalSection(SolutionConfigurationPlatforms) = preSolution
		CD_ROM|Win32 = CD_ROM|Win32
		Debug|Win32 = Debug|Win32
		DVD-5|Win32 = DVD-5|Win32
		Release|Win32 = Release|Win32
		SingleImage|Win32 = SingleImage|Win32
	EndGlobalSection
	GlobalSection(ProjectConfigurationPlatforms) = postSolution
		{986CDDFB-A865-48C8-A3E8-36020A6ACB58}.CD_ROM|Win32.ActiveCfg = Release|Win32
		{986CDDFB-A865-48C8-A3E8-36020A6ACB58}.CD_ROM|Win32.Build.0 = Release|Win32
		{986CDDFB-A865-48C8-A3E8-36020A6ACB58}.Debug|Win32.ActiveCfg = Debug|Win32
		{986CDDFB-A865-48C8-A3E8-36020A6ACB58}.Debug|Win32.Build.0 = Debug|Win32
		{986CDDFB-A865-48C8-A3E8-36020A6ACB58}.DVD-5|Win32.ActiveCfg = Debug|Win32
		{986CDDFB-A865-48C8-A3E8-36020A6ACB58}.DVD-5|Win32.Build.0 = Debug|Win32
		{986CDDFB-A865-48C8-A3E8-36020A6ACB58}.Release|Win32.ActiveCfg = Release|Win32
		{986CDDFB-A865-48C8-A3E8-36020A6ACB58}.Release|Win32.Build.0 = Release|Win32
		{986CDDFB-A865-48C8-A3E8-36020A6ACB58}.SingleImage|Win32.ActiveCfg = Release|Win32
		{986CDDFB-A865-48C8-A3E8-36020A6ACB58}.SingleImage|Win32.Build.0 = Release|Win32
		{86912A02-28DB-4CD8-838D-1087DA5C38DC}.CD_ROM|Win32.ActiveCfg = Release|Win32
		{86912A02-28DB-4CD8-838D-1087DA5C38DC}.CD_ROM|Win32.Build.0 = Release|Win32
		{86912A02-28DB-4CD8-838D-1087DA5C38DC}.Debug|Win32.ActiveCfg = Debug|Win32
		{86912A02-28DB-4CD8-838D-1087DA5C38DC}.Debug|Win32.Build.0 = Debug|Win32
		{86912A02-28DB-4CD8-838D-1087DA5C38DC}.DVD-5|Win32.ActiveCfg = Debug|Win32
		{86912A02-28DB-4CD8-838D-1087DA5C38DC}.DVD-5|Win32.Build.0 = Debug|Win32
		{86912A02-28DB-4CD8-838D-1087DA5C38DC}.Release|Win32.ActiveCfg = Release|Win32
		{86912A02-28DB-4CD8-838D-1087DA5C38DC}.Release|Win32.Build.0 = Release|Win32
		{86912A02-28DB-4CD8-838D-1087DA5C38DC}.SingleImage|Win32.ActiveCfg = Release|Win32
		{86912A02-28DB-4CD8-838D-1087DA5C38DC}.SingleImage|Win32.Build.0 = Release|Win32
		{BC0833CB-C723-4DA7-BB0E-27478404FB1F}.CD_ROM|Win32.ActiveCfg = Release|Win32
		{BC0833CB-C723-4DA7-BB0E-27478404FB1F}.CD_ROM|Win32.Build.0 = Release|Win32
		{BC0833CB-C723-4DA7-BB0E-27478404FB1F}.Debug|Win32.ActiveCfg = Debug|Win32
		{BC0833CB-C723-4DA7-BB0E-27478404FB1F}.Debug|Win32.Build.0 = Debug|Win32
		{BC0833CB-C723-4DA7-BB0E-27478404FB1F}.DVD-5|Win32.ActiveCfg = Debug|Win32
		{BC0833CB-C723-4DA7-BB0E-27478404FB1F}.DVD-5|Win32.Build.0 = Debug|Win32
		{BC0833CB-C723-4DA7-BB0E-27478404FB1F}.Release|Win32.ActiveCfg = Release|Win32
		{BC0833CB-C723-4DA7-BB0E-27478404FB1F}.Release|Win32.Build.0 = Release|Win32
		{BC0833CB-C723-4DA7-BB0E-27478404FB1F}.SingleImage|Win32.ActiveCfg = Release|Win32
		{BC0833CB-C723-4DA7-BB0E-27478404FB1F}.SingleImage|Win32.Build.0 = Release|Win32
		{08968379-D236-4E09-BF25-DE15BB2997A2}.CD_ROM|Win32.ActiveCfg = CD_ROM
		{08968379-D236-4E09-BF25-DE15BB2997A2}.CD_ROM|Win32.Build.0 = CD_ROM
		{08968379-D236-4E09-BF25-DE15BB2997A2}.Debug|Win32.ActiveCfg = DVD-5
		{08968379-D236-4E09-BF25-DE15BB2997A2}.Debug|Win32.Build.0 = DVD-5
		{08968379-D236-4E09-BF25-DE15BB2997A2}.DVD-5|Win32.ActiveCfg = DVD-5
		{08968379-D236-4E09-BF25-DE15BB2997A2}.DVD-5|Win32.Build.0 = DVD-5
		{08968379-D236-4E09-BF25-DE15BB2997A2}.Release|Win32.ActiveCfg = SingleImage
		{08968379-D236-4E09-BF25-DE15BB2997A2}.Release|Win32.Build.0 = SingleImage
		{08968379-D236-4E09-BF25-DE15BB2997A2}.SingleImage|Win32.ActiveCfg = SingleImage
		{08968379-D236-4E09-BF25-DE15BB2997A2}.SingleImage|Win32.Build.0 = SingleImage
		{9ED138EE-0475-460E-A6C1-F06EF9AEB092}.CD_ROM|Win32.ActiveCfg = Release|Win32
		{9ED138EE-0475-460E-A6C1-F06EF9AEB092}.CD_ROM|Win32.Build.0 = Release|Win32
		{9ED138EE-0475-460E-A6C1-F06EF9AEB092}.Debug|Win32.ActiveCfg = Debug|Win32
		{9ED138EE-0475-460E-A6C1-F06EF9AEB092}.Debug|Win32.Build.0 = Debug|Win32
		{9ED138EE-0475-460E-A6C1-F06EF9AEB092}.DVD-5|Win32.ActiveCfg = Debug|Win32
		{9ED138EE-0475-460E-A6C1-F06EF9AEB092}.DVD-5|Win32.Build.0 = Debug|Win32
		{9ED138EE-0475-460E-A6C1-F06EF9AEB092}.Release|Win32.ActiveCfg = Release|Win32
		{9ED138EE-0475-460E-A6C1-F06EF9AEB092}.Release|Win32.Build.0 = Release|Win32
		{9ED138EE-0475-460E-A6C1-F06EF9AEB092}.SingleImage|Win32.ActiveCfg = Release|Win32
		{9ED138EE-0475-460E-A6C1-F06EF9AEB092}.SingleImage|Win32.Build.0 = Release|Win32
	EndGlobalSection
	GlobalSection(SolutionProperties) = preSolution
		HideSolutionNode = FALSE
	EndGlobalSection
EndGlobal
